
Microsoft Visual Studio Solution File, Format Version 12.00
# Visual Studio Version 16
VisualStudioVersion = 16.0.35130.168
MinimumVisualStudioVersion = 10.0.40219.1
Project("{FAE04EC0-301F-11D3-BF4B-00C04F79EFBC}") = "faceDetection", "faceDetection\faceDetection.csproj", "{81C4551F-A1AE-4953-94BA-FBB37F53FBC5}"
EndProject
Global
	GlobalSection(SolutionConfigurationPlatforms) = preSolution
		Debug|Any CPU = Debug|Any CPU
		Release|Any CPU = Release|Any CPU
	EndGlobalSection
	GlobalSection(ProjectConfigurationPlatforms) = postSolution
		{81C4551F-A1AE-4953-94BA-FBB37F53FBC5}.Debug|Any CPU.ActiveCfg = Debug|Any CPU
		{81C4551F-A1AE-4953-94BA-FBB37F53FBC5}.Debug|Any CPU.Build.0 = Debug|Any CPU
		{81C4551F-A1AE-4953-94BA-FBB37F53FBC5}.Release|Any CPU.ActiveCfg = Release|Any CPU
		{81C4551F-A1AE-4953-94BA-FBB37F53FBC5}.Release|Any CPU.Build.0 = Release|Any CPU
	EndGlobalSection
	GlobalSection(SolutionProperties) = preSolution
		HideSolutionNode = FALSE
	EndGlobalSection
	GlobalSection(ExtensibilityGlobals) = postSolution
		SolutionGuid = {1CAB29D3-EF4C-4A96-96E0-29CD93FFA85E}
	EndGlobalSection
EndGlobal
